
Microsoft Visual Studio Solution File, Format Version 12.00
# Visual Studio Version 17
VisualStudioVersion = 17.7.34018.315
MinimumVisualStudioVersion = 10.0.40219.1
Project("{8BC9CEB8-8B4A-11D0-8D11-00A0C91BC942}") = "Day 1", "Day 1\Day 1.vcxproj", "{6BDCF2D4-9658-495E-9F22-49D63A3019E2}"
EndProject
Global
	GlobalSection(SolutionConfigurationPlatforms) = preSolution
		Debug|x64 = Debug|x64
		Debug|x86 = Debug|x86
		Release|x64 = Release|x64
		Release|x86 = Release|x86
	EndGlobalSection
	GlobalSection(ProjectConfigurationPlatforms) = postSolution
		{6BDCF2D4-9658-495E-9F22-49D63A3019E2}.Debug|x64.ActiveCfg = Debug|x64
		{6BDCF2D4-9658-495E-9F22-49D63A3019E2}.Debug|x64.Build.0 = Debug|x64
		{6BDCF2D4-9658-495E-9F22-49D63A3019E2}.Debug|x86.ActiveCfg = Debug|Win32
		{6BDCF2D4-9658-495E-9F22-49D63A3019E2}.Debug|x86.Build.0 = Debug|Win32
		{6BDCF2D4-9658-495E-9F22-49D63A3019E2}.Release|x64.ActiveCfg = Release|x64
		{6BDCF2D4-9658-495E-9F22-49D63A3019E2}.Release|x64.Build.0 = Release|x64
		{6BDCF2D4-9658-495E-9F22-49D63A3019E2}.Release|x86.ActiveCfg = Release|Win32
		{6BDCF2D4-9658-495E-9F22-49D63A3019E2}.Release|x86.Build.0 = Release|Win32
	EndGlobalSection
	GlobalSection(SolutionProperties) = preSolution
		HideSolutionNode = FALSE
	EndGlobalSection
	GlobalSection(ExtensibilityGlobals) = postSolution
		SolutionGuid = {4268BC15-0450-48F1-B534-00C4A39D1A49}
	EndGlobalSection
EndGlobal
